
Microsoft Visual Studio Solution File, Format Version 12.00
# Visual Studio Version 17
VisualStudioVersion = 17.6.33815.320
MinimumVisualStudioVersion = 10.0.40219.1
Project("{2150E333-8FDC-42A3-9474-1A3956D46DE8}") = "FrontEnd", "FrontEnd", "{820FECFC-DDD7-4F87-A65D-78F300695810}"
EndProject
Project("{2150E333-8FDC-42A3-9474-1A3956D46DE8}") = "Gateway", "Gateway", "{C5A73741-D40A-4AF5-BA4D-9FF79AFF21FF}"
EndProject
Project("{2150E333-8FDC-42A3-9474-1A3956D46DE8}") = "Integration", "Integration", "{171FD990-2F7B-4DE0-85E0-5C8A22059686}"
EndProject
Project("{2150E333-8FDC-42A3-9474-1A3956D46DE8}") = "Services", "Services", "{27B0CF46-DC31-4AC4-B78F-A0C9EC72AC63}"
EndProject
Project("{9A19103F-16F7-4668-BE54-9A1E7A4F7556}") = "Mango.Services.CouponAPI", "Mango.Services.CouponAPI\Mango.Services.CouponAPI.csproj", "{043199F2-79C1-4E49-BF6E-41FFBE99E471}"
EndProject
Project("{9A19103F-16F7-4668-BE54-9A1E7A4F7556}") = "Mango.Web", "Mango.Web\Mango.Web.csproj", "{404850DB-4C49-46C5-99A2-D4E188D9CA10}"
EndProject
Project("{9A19103F-16F7-4668-BE54-9A1E7A4F7556}") = "Mango.Services.AuthAPI", "Mango.Services.AuthAPI\Mango.Services.AuthAPI.csproj", "{04292447-73F3-4115-B87C-2A7858C1DA66}"
EndProject
Project("{FAE04EC0-301F-11D3-BF4B-00C04F79EFBC}") = "Mango.Services.ProductAPI", "Mango.Services.ProductAPI\Mango.Services.ProductAPI.csproj", "{C7BF7679-1BE3-4364-AB0D-32F4F7E31B7C}"
EndProject
Global
	GlobalSection(SolutionConfigurationPlatforms) = preSolution
		Debug|Any CPU = Debug|Any CPU
		Release|Any CPU = Release|Any CPU
	EndGlobalSection
	GlobalSection(ProjectConfigurationPlatforms) = postSolution
		{043199F2-79C1-4E49-BF6E-41FFBE99E471}.Debug|Any CPU.ActiveCfg = Debug|Any CPU
		{043199F2-79C1-4E49-BF6E-41FFBE99E471}.Debug|Any CPU.Build.0 = Debug|Any CPU
		{043199F2-79C1-4E49-BF6E-41FFBE99E471}.Release|Any CPU.ActiveCfg = Release|Any CPU
		{043199F2-79C1-4E49-BF6E-41FFBE99E471}.Release|Any CPU.Build.0 = Release|Any CPU
		{404850DB-4C49-46C5-99A2-D4E188D9CA10}.Debug|Any CPU.ActiveCfg = Debug|Any CPU
		{404850DB-4C49-46C5-99A2-D4E188D9CA10}.Debug|Any CPU.Build.0 = Debug|Any CPU
		{404850DB-4C49-46C5-99A2-D4E188D9CA10}.Release|Any CPU.ActiveCfg = Release|Any CPU
		{404850DB-4C49-46C5-99A2-D4E188D9CA10}.Release|Any CPU.Build.0 = Release|Any CPU
		{04292447-73F3-4115-B87C-2A7858C1DA66}.Debug|Any CPU.ActiveCfg = Debug|Any CPU
		{04292447-73F3-4115-B87C-2A7858C1DA66}.Debug|Any CPU.Build.0 = Debug|Any CPU
		{04292447-73F3-4115-B87C-2A7858C1DA66}.Release|Any CPU.ActiveCfg = Release|Any CPU
		{04292447-73F3-4115-B87C-2A7858C1DA66}.Release|Any CPU.Build.0 = Release|Any CPU
		{C7BF7679-1BE3-4364-AB0D-32F4F7E31B7C}.Debug|Any CPU.ActiveCfg = Debug|Any CPU
		{C7BF7679-1BE3-4364-AB0D-32F4F7E31B7C}.Debug|Any CPU.Build.0 = Debug|Any CPU
		{C7BF7679-1BE3-4364-AB0D-32F4F7E31B7C}.Release|Any CPU.ActiveCfg = Release|Any CPU
		{C7BF7679-1BE3-4364-AB0D-32F4F7E31B7C}.Release|Any CPU.Build.0 = Release|Any CPU
	EndGlobalSection
	GlobalSection(SolutionProperties) = preSolution
		HideSolutionNode = FALSE
	EndGlobalSection
	GlobalSection(NestedProjects) = preSolution
		{043199F2-79C1-4E49-BF6E-41FFBE99E471} = {27B0CF46-DC31-4AC4-B78F-A0C9EC72AC63}
		{404850DB-4C49-46C5-99A2-D4E188D9CA10} = {820FECFC-DDD7-4F87-A65D-78F300695810}
		{04292447-73F3-4115-B87C-2A7858C1DA66} = {27B0CF46-DC31-4AC4-B78F-A0C9EC72AC63}
		{C7BF7679-1BE3-4364-AB0D-32F4F7E31B7C} = {27B0CF46-DC31-4AC4-B78F-A0C9EC72AC63}
	EndGlobalSection
	GlobalSection(ExtensibilityGlobals) = postSolution
		SolutionGuid = {13FBA33E-54B8-497A-BC0F-09611F2558A9}
	EndGlobalSection
EndGlobal
